
Microsoft Visual Studio Solution File, Format Version 12.00
# Visual Studio 15
VisualStudioVersion = 15.0.28307.271
MinimumVisualStudioVersion = 10.0.40219.1
Project("{FAE04EC0-301F-11D3-BF4B-00C04F79EFBC}") = "1145", "1145\1145.csproj", "{AEF0EA76-8C1C-479A-9F5F-67A6F87DDA93}"
EndProject
Global
	GlobalSection(SolutionConfigurationPlatforms) = preSolution
		Debug|Any CPU = Debug|Any CPU
		Release|Any CPU = Release|Any CPU
	EndGlobalSection
	GlobalSection(ProjectConfigurationPlatforms) = postSolution
		{AEF0EA76-8C1C-479A-9F5F-67A6F87DDA93}.Debug|Any CPU.ActiveCfg = Debug|Any CPU
		{AEF0EA76-8C1C-479A-9F5F-67A6F87DDA93}.Debug|Any CPU.Build.0 = Debug|Any CPU
		{AEF0EA76-8C1C-479A-9F5F-67A6F87DDA93}.Release|Any CPU.ActiveCfg = Release|Any CPU
		{AEF0EA76-8C1C-479A-9F5F-67A6F87DDA93}.Release|Any CPU.Build.0 = Release|Any CPU
	EndGlobalSection
	GlobalSection(SolutionProperties) = preSolution
		HideSolutionNode = FALSE
	EndGlobalSection
	GlobalSection(ExtensibilityGlobals) = postSolution
		SolutionGuid = {A9DCEA50-A081-4AB9-82B9-843352ED5D3C}
	EndGlobalSection
EndGlobal
