
Microsoft Visual Studio Solution File, Format Version 12.00
# Visual Studio 15
VisualStudioVersion = 15.0.28307.271
MinimumVisualStudioVersion = 10.0.40219.1
Project("{FAE04EC0-301F-11D3-BF4B-00C04F79EFBC}") = "1116", "1116\1116.csproj", "{180D0E92-0977-41FD-B8DA-2D97A6B0FA97}"
EndProject
Global
	GlobalSection(SolutionConfigurationPlatforms) = preSolution
		Debug|Any CPU = Debug|Any CPU
		Release|Any CPU = Release|Any CPU
	EndGlobalSection
	GlobalSection(ProjectConfigurationPlatforms) = postSolution
		{180D0E92-0977-41FD-B8DA-2D97A6B0FA97}.Debug|Any CPU.ActiveCfg = Debug|Any CPU
		{180D0E92-0977-41FD-B8DA-2D97A6B0FA97}.Debug|Any CPU.Build.0 = Debug|Any CPU
		{180D0E92-0977-41FD-B8DA-2D97A6B0FA97}.Release|Any CPU.ActiveCfg = Release|Any CPU
		{180D0E92-0977-41FD-B8DA-2D97A6B0FA97}.Release|Any CPU.Build.0 = Release|Any CPU
	EndGlobalSection
	GlobalSection(SolutionProperties) = preSolution
		HideSolutionNode = FALSE
	EndGlobalSection
	GlobalSection(ExtensibilityGlobals) = postSolution
		SolutionGuid = {D6AE9256-3045-4F2C-8BDB-EE63E0E57C0F}
	EndGlobalSection
EndGlobal
