
Microsoft Visual Studio Solution File, Format Version 12.00
# Visual Studio 15
VisualStudioVersion = 15.0.28307.329
MinimumVisualStudioVersion = 10.0.40219.1
Project("{FAE04EC0-301F-11D3-BF4B-00C04F79EFBC}") = "1177", "1177\1177.csproj", "{618DAB5E-2DDF-401F-A024-5772C6505CA5}"
EndProject
Global
	GlobalSection(SolutionConfigurationPlatforms) = preSolution
		Debug|Any CPU = Debug|Any CPU
		Release|Any CPU = Release|Any CPU
	EndGlobalSection
	GlobalSection(ProjectConfigurationPlatforms) = postSolution
		{618DAB5E-2DDF-401F-A024-5772C6505CA5}.Debug|Any CPU.ActiveCfg = Debug|Any CPU
		{618DAB5E-2DDF-401F-A024-5772C6505CA5}.Debug|Any CPU.Build.0 = Debug|Any CPU
		{618DAB5E-2DDF-401F-A024-5772C6505CA5}.Release|Any CPU.ActiveCfg = Release|Any CPU
		{618DAB5E-2DDF-401F-A024-5772C6505CA5}.Release|Any CPU.Build.0 = Release|Any CPU
	EndGlobalSection
	GlobalSection(SolutionProperties) = preSolution
		HideSolutionNode = FALSE
	EndGlobalSection
	GlobalSection(ExtensibilityGlobals) = postSolution
		SolutionGuid = {8ACE50A9-05D3-4F35-8C1A-2698C0C147CA}
	EndGlobalSection
EndGlobal
