
Microsoft Visual Studio Solution File, Format Version 12.00
# Visual Studio 15
VisualStudioVersion = 15.0.28307.271
MinimumVisualStudioVersion = 10.0.40219.1
Project("{FAE04EC0-301F-11D3-BF4B-00C04F79EFBC}") = "1097", "1097\1097.csproj", "{8A978D4F-E14D-47B4-8F70-F19CC24F2C2E}"
EndProject
Global
	GlobalSection(SolutionConfigurationPlatforms) = preSolution
		Debug|Any CPU = Debug|Any CPU
		Release|Any CPU = Release|Any CPU
	EndGlobalSection
	GlobalSection(ProjectConfigurationPlatforms) = postSolution
		{8A978D4F-E14D-47B4-8F70-F19CC24F2C2E}.Debug|Any CPU.ActiveCfg = Debug|Any CPU
		{8A978D4F-E14D-47B4-8F70-F19CC24F2C2E}.Debug|Any CPU.Build.0 = Debug|Any CPU
		{8A978D4F-E14D-47B4-8F70-F19CC24F2C2E}.Release|Any CPU.ActiveCfg = Release|Any CPU
		{8A978D4F-E14D-47B4-8F70-F19CC24F2C2E}.Release|Any CPU.Build.0 = Release|Any CPU
	EndGlobalSection
	GlobalSection(SolutionProperties) = preSolution
		HideSolutionNode = FALSE
	EndGlobalSection
	GlobalSection(ExtensibilityGlobals) = postSolution
		SolutionGuid = {4FBF7047-DA1D-4D05-821C-00549711759A}
	EndGlobalSection
EndGlobal
