
Microsoft Visual Studio Solution File, Format Version 12.00
# Visual Studio 15
VisualStudioVersion = 15.0.28307.271
MinimumVisualStudioVersion = 10.0.40219.1
Project("{FAE04EC0-301F-11D3-BF4B-00C04F79EFBC}") = "1008", "1008\1008.csproj", "{B80B0F91-B7BF-4AE7-80EB-A1BEAE2D498C}"
EndProject
Global
	GlobalSection(SolutionConfigurationPlatforms) = preSolution
		Debug|Any CPU = Debug|Any CPU
		Release|Any CPU = Release|Any CPU
	EndGlobalSection
	GlobalSection(ProjectConfigurationPlatforms) = postSolution
		{B80B0F91-B7BF-4AE7-80EB-A1BEAE2D498C}.Debug|Any CPU.ActiveCfg = Debug|Any CPU
		{B80B0F91-B7BF-4AE7-80EB-A1BEAE2D498C}.Debug|Any CPU.Build.0 = Debug|Any CPU
		{B80B0F91-B7BF-4AE7-80EB-A1BEAE2D498C}.Release|Any CPU.ActiveCfg = Release|Any CPU
		{B80B0F91-B7BF-4AE7-80EB-A1BEAE2D498C}.Release|Any CPU.Build.0 = Release|Any CPU
	EndGlobalSection
	GlobalSection(SolutionProperties) = preSolution
		HideSolutionNode = FALSE
	EndGlobalSection
	GlobalSection(ExtensibilityGlobals) = postSolution
		SolutionGuid = {727EB5F6-6D0C-4AF5-AF3C-C7935C27E2F3}
	EndGlobalSection
EndGlobal
