
Microsoft Visual Studio Solution File, Format Version 12.00
# Visual Studio 15
VisualStudioVersion = 15.0.28307.271
MinimumVisualStudioVersion = 10.0.40219.1
Project("{FAE04EC0-301F-11D3-BF4B-00C04F79EFBC}") = "1133", "1133\1133.csproj", "{2893B4E1-33CF-4FCA-8D55-6AB085A292BE}"
EndProject
Global
	GlobalSection(SolutionConfigurationPlatforms) = preSolution
		Debug|Any CPU = Debug|Any CPU
		Release|Any CPU = Release|Any CPU
	EndGlobalSection
	GlobalSection(ProjectConfigurationPlatforms) = postSolution
		{2893B4E1-33CF-4FCA-8D55-6AB085A292BE}.Debug|Any CPU.ActiveCfg = Debug|Any CPU
		{2893B4E1-33CF-4FCA-8D55-6AB085A292BE}.Debug|Any CPU.Build.0 = Debug|Any CPU
		{2893B4E1-33CF-4FCA-8D55-6AB085A292BE}.Release|Any CPU.ActiveCfg = Release|Any CPU
		{2893B4E1-33CF-4FCA-8D55-6AB085A292BE}.Release|Any CPU.Build.0 = Release|Any CPU
	EndGlobalSection
	GlobalSection(SolutionProperties) = preSolution
		HideSolutionNode = FALSE
	EndGlobalSection
	GlobalSection(ExtensibilityGlobals) = postSolution
		SolutionGuid = {4FBDFC73-E857-4F3A-AE38-F3A1445BB974}
	EndGlobalSection
EndGlobal
