
Microsoft Visual Studio Solution File, Format Version 12.00
# Visual Studio 15
VisualStudioVersion = 15.0.28307.271
MinimumVisualStudioVersion = 10.0.40219.1
Project("{FAE04EC0-301F-11D3-BF4B-00C04F79EFBC}") = "1036", "1036\1036.csproj", "{502893BA-125F-4915-A8FA-CC4C121FDF34}"
EndProject
Global
	GlobalSection(SolutionConfigurationPlatforms) = preSolution
		Debug|Any CPU = Debug|Any CPU
		Release|Any CPU = Release|Any CPU
	EndGlobalSection
	GlobalSection(ProjectConfigurationPlatforms) = postSolution
		{502893BA-125F-4915-A8FA-CC4C121FDF34}.Debug|Any CPU.ActiveCfg = Debug|Any CPU
		{502893BA-125F-4915-A8FA-CC4C121FDF34}.Debug|Any CPU.Build.0 = Debug|Any CPU
		{502893BA-125F-4915-A8FA-CC4C121FDF34}.Release|Any CPU.ActiveCfg = Release|Any CPU
		{502893BA-125F-4915-A8FA-CC4C121FDF34}.Release|Any CPU.Build.0 = Release|Any CPU
	EndGlobalSection
	GlobalSection(SolutionProperties) = preSolution
		HideSolutionNode = FALSE
	EndGlobalSection
	GlobalSection(ExtensibilityGlobals) = postSolution
		SolutionGuid = {376D0E57-BD24-4A8A-A13C-6D56C6E6D825}
	EndGlobalSection
EndGlobal
